// !$*UTF8*$!
{
	archiveVersion = 1;
	classes = {
	};
	objectVersion = 55;
	objects = {

/* Begin PBXBuildFile section */
		E16F77BE28D9C07E00A1D9A4 /* GameLogic.swift in Sources */ = {isa = PBXBuildFile; fileRef = E16F77BD28D9C07E00A1D9A4 /* GameLogic.swift */; };
		E1EA2AE028CA21A600212AEF /* AppDelegate.swift in Sources */ = {isa = PBXBuildFile; fileRef = E1EA2ADF28CA21A600212AEF /* AppDelegate.swift */; };
		E1EA2AE228CA21A600212AEF /* SceneDelegate.swift in Sources */ = {isa = PBXBuildFile; fileRef = E1EA2AE128CA21A600212AEF /* SceneDelegate.swift */; };
		E1EA2AE428CA21A600212AEF /* MainController.swift in Sources */ = {isa = PBXBuildFile; fileRef = E1EA2AE328CA21A600212AEF /* MainController.swift */; };
		E1EA2AE728CA21A600212AEF /* Main.storyboard in Resources */ = {isa = PBXBuildFile; fileRef = E1EA2AE528CA21A600212AEF /* Main.storyboard */; };
		E1EA2AE928CA21A700212AEF /* Assets.xcassets in Resources */ = {isa = PBXBuildFile; fileRef = E1EA2AE828CA21A700212AEF /* Assets.xcassets */; };
		E1EA2AEC28CA21A700212AEF /* LaunchScreen.storyboard in Resources */ = {isa = PBXBuildFile; fileRef = E1EA2AEA28CA21A700212AEF /* LaunchScreen.storyboard */; };
		E1EA2AF728CA21A700212AEF /* Tic_Tac_ToeTests.swift in Sources */ = {isa = PBXBuildFile; fileRef = E1EA2AF628CA21A700212AEF /* Tic_Tac_ToeTests.swift */; };
		E1EA2B0128CA21A700212AEF /* Tic_Tac_ToeUITests.swift in Sources */ = {isa = PBXBuildFile; fileRef = E1EA2B0028CA21A700212AEF /* Tic_Tac_ToeUITests.swift */; };
		E1EA2B0328CA21A700212AEF /* Tic_Tac_ToeUITestsLaunchTests.swift in Sources */ = {isa = PBXBuildFile; fileRef = E1EA2B0228CA21A700212AEF /* Tic_Tac_ToeUITestsLaunchTests.swift */; };
/* End PBXBuildFile section */

/* Begin PBXContainerItemProxy section */
		E1EA2AF328CA21A700212AEF /* PBXContainerItemProxy */ = {
			isa = PBXContainerItemProxy;
			containerPortal = E1EA2AD428CA21A600212AEF /* Project object */;
			proxyType = 1;
			remoteGlobalIDString = E1EA2ADB28CA21A600212AEF;
			remoteInfo = "Tic Tac Toe";
		};
		E1EA2AFD28CA21A700212AEF /* PBXContainerItemProxy */ = {
			isa = PBXContainerItemProxy;
			containerPortal = E1EA2AD428CA21A600212AEF /* Project object */;
			proxyType = 1;
			remoteGlobalIDString = E1EA2ADB28CA21A600212AEF;
			remoteInfo = "Tic Tac Toe";
		};
/* End PBXContainerItemProxy section */

/* Begin PBXFileReference section */
		E16F77BD28D9C07E00A1D9A4 /* GameLogic.swift */ = {isa = PBXFileReference; lastKnownFileType = sourcecode.swift; path = GameLogic.swift; sourceTree = "<group>"; };
		E1EA2ADC28CA21A600212AEF /* Tic Tac Toe.app */ = {isa = PBXFileReference; explicitFileType = wrapper.application; includeInIndex = 0; path = "Tic Tac Toe.app"; sourceTree = BUILT_PRODUCTS_DIR; };
		E1EA2ADF28CA21A600212AEF /* AppDelegate.swift */ = {isa = PBXFileReference; lastKnownFileType = sourcecode.swift; path = AppDelegate.swift; sourceTree = "<group>"; };
		E1EA2AE128CA21A600212AEF /* SceneDelegate.swift */ = {isa = PBXFileReference; lastKnownFileType = sourcecode.swift; path = SceneDelegate.swift; sourceTree = "<group>"; };
		E1EA2AE328CA21A600212AEF /* MainController.swift */ = {isa = PBXFileReference; lastKnownFileType = sourcecode.swift; path = MainController.swift; sourceTree = "<group>"; };
		E1EA2AE628CA21A600212AEF /* Base */ = {isa = PBXFileReference; lastKnownFileType = file.storyboard; name = Base; path = Base.lproj/Main.storyboard; sourceTree = "<group>"; };
		E1EA2AE828CA21A700212AEF /* Assets.xcassets */ = {isa = PBXFileReference; lastKnownFileType = folder.assetcatalog; path = Assets.xcassets; sourceTree = "<group>"; };
		E1EA2AEB28CA21A700212AEF /* Base */ = {isa = PBXFileReference; lastKnownFileType = file.storyboard; name = Base; path = Base.lproj/LaunchScreen.storyboard; sourceTree = "<group>"; };
		E1EA2AED28CA21A700212AEF /* Info.plist */ = {isa = PBXFileReference; lastKnownFileType = text.plist.xml; path = Info.plist; sourceTree = "<group>"; };
		E1EA2AF228CA21A700212AEF /* Tic Tac ToeTests.xctest */ = {isa = PBXFileReference; explicitFileType = wrapper.cfbundle; includeInIndex = 0; path = "Tic Tac ToeTests.xctest"; sourceTree = BUILT_PRODUCTS_DIR; };
		E1EA2AF628CA21A700212AEF /* Tic_Tac_ToeTests.swift */ = {isa = PBXFileReference; lastKnownFileType = sourcecode.swift; path = Tic_Tac_ToeTests.swift; sourceTree = "<group>"; };
		E1EA2AFC28CA21A700212AEF /* Tic Tac ToeUITests.xctest */ = {isa = PBXFileReference; explicitFileType = wrapper.cfbundle; includeInIndex = 0; path = "Tic Tac ToeUITests.xctest"; sourceTree = BUILT_PRODUCTS_DIR; };
		E1EA2B0028CA21A700212AEF /* Tic_Tac_ToeUITests.swift */ = {isa = PBXFileReference; lastKnownFileType = sourcecode.swift; path = Tic_Tac_ToeUITests.swift; sourceTree = "<group>"; };
		E1EA2B0228CA21A700212AEF /* Tic_Tac_ToeUITestsLaunchTests.swift */ = {isa = PBXFileReference; lastKnownFileType = sourcecode.swift; path = Tic_Tac_ToeUITestsLaunchTests.swift; sourceTree = "<group>"; };
/* End PBXFileReference section */

/* Begin PBXFrameworksBuildPhase section */
		E1EA2AD928CA21A600212AEF /* Frameworks */ = {
			isa = PBXFrameworksBuildPhase;
			buildActionMask = 2147483647;
			files = (
			);
			runOnlyForDeploymentPostprocessing = 0;
		};
		E1EA2AEF28CA21A700212AEF /* Frameworks */ = {
			isa = PBXFrameworksBuildPhase;
			buildActionMask = 2147483647;
			files = (
			);
			runOnlyForDeploymentPostprocessing = 0;
		};
		E1EA2AF928CA21A700212AEF /* Frameworks */ = {
			isa = PBXFrameworksBuildPhase;
			buildActionMask = 2147483647;
			files = (
			);
			runOnlyForDeploymentPostprocessing = 0;
		};
/* End PBXFrameworksBuildPhase section */

/* Begin PBXGroup section */
		E16F77BC28D9C02600A1D9A4 /* Model */ = {
			isa = PBXGroup;
			children = (
				E16F77BD28D9C07E00A1D9A4 /* GameLogic.swift */,
			);
			path = Model;
			sourceTree = "<group>";
		};
		E1EA2AD328CA21A600212AEF = {
			isa = PBXGroup;
			children = (
				E1EA2ADE28CA21A600212AEF /* Tic Tac Toe */,
				E1EA2AF528CA21A700212AEF /* Tic Tac ToeTests */,
				E1EA2AFF28CA21A700212AEF /* Tic Tac ToeUITests */,
				E1EA2ADD28CA21A600212AEF /* Products */,
			);
			sourceTree = "<group>";
		};
		E1EA2ADD28CA21A600212AEF /* Products */ = {
			isa = PBXGroup;
			children = (
				E1EA2ADC28CA21A600212AEF /* Tic Tac Toe.app */,
				E1EA2AF228CA21A700212AEF /* Tic Tac ToeTests.xctest */,
				E1EA2AFC28CA21A700212AEF /* Tic Tac ToeUITests.xctest */,
			);
			name = Products;
			sourceTree = "<group>";
		};
		E1EA2ADE28CA21A600212AEF /* Tic Tac Toe */ = {
			isa = PBXGroup;
			children = (
				E16F77BC28D9C02600A1D9A4 /* Model */,
				E1EA2B0F28CA224300212AEF /* ViewController */,
				E1EA2ADF28CA21A600212AEF /* AppDelegate.swift */,
				E1EA2AE128CA21A600212AEF /* SceneDelegate.swift */,
				E1EA2AE528CA21A600212AEF /* Main.storyboard */,
				E1EA2AE828CA21A700212AEF /* Assets.xcassets */,
				E1EA2AEA28CA21A700212AEF /* LaunchScreen.storyboard */,
				E1EA2AED28CA21A700212AEF /* Info.plist */,
			);
			path = "Tic Tac Toe";
			sourceTree = "<group>";
		};
		E1EA2AF528CA21A700212AEF /* Tic Tac ToeTests */ = {
			isa = PBXGroup;
			children = (
				E1EA2AF628CA21A700212AEF /* Tic_Tac_ToeTests.swift */,
			);
			path = "Tic Tac ToeTests";
			sourceTree = "<group>";
		};
		E1EA2AFF28CA21A700212AEF /* Tic Tac ToeUITests */ = {
			isa = PBXGroup;
			children = (
				E1EA2B0028CA21A700212AEF /* Tic_Tac_ToeUITests.swift */,
				E1EA2B0228CA21A700212AEF /* Tic_Tac_ToeUITestsLaunchTests.swift */,
			);
			path = "Tic Tac ToeUITests";
			sourceTree = "<group>";
		};
		E1EA2B0F28CA224300212AEF /* ViewController */ = {
			isa = PBXGroup;
			children = (
				E1EA2AE328CA21A600212AEF /* MainController.swift */,
			);
			path = ViewController;
			sourceTree = "<group>";
		};
/* End PBXGroup section */

/* Begin PBXNativeTarget section */
		E1EA2ADB28CA21A600212AEF /* Tic Tac Toe */ = {
			isa = PBXNativeTarget;
			buildConfigurationList = E1EA2B0628CA21A700212AEF /* Build configuration list for PBXNativeTarget "Tic Tac Toe" */;
			buildPhases = (
				E1EA2AD828CA21A600212AEF /* Sources */,
				E1EA2AD928CA21A600212AEF /* Frameworks */,
				E1EA2ADA28CA21A600212AEF /* Resources */,
			);
			buildRules = (
			);
			dependencies = (
			);
			name = "Tic Tac Toe";
			productName = "Tic Tac Toe";
			productReference = E1EA2ADC28CA21A600212AEF /* Tic Tac Toe.app */;
			productType = "com.apple.product-type.application";
		};
		E1EA2AF128CA21A700212AEF /* Tic Tac ToeTests */ = {
			isa = PBXNativeTarget;
			buildConfigurationList = E1EA2B0928CA21A700212AEF /* Build configuration list for PBXNativeTarget "Tic Tac ToeTests" */;
			buildPhases = (
				E1EA2AEE28CA21A700212AEF /* Sources */,
				E1EA2AEF28CA21A700212AEF /* Frameworks */,
				E1EA2AF028CA21A700212AEF /* Resources */,
			);
			buildRules = (
			);
			dependencies = (
				E1EA2AF428CA21A700212AEF /* PBXTargetDependency */,
			);
			name = "Tic Tac ToeTests";
			productName = "Tic Tac ToeTests";
			productReference = E1EA2AF228CA21A700212AEF /* Tic Tac ToeTests.xctest */;
			productType = "com.apple.product-type.bundle.unit-test";
		};
		E1EA2AFB28CA21A700212AEF /* Tic Tac ToeUITests */ = {
			isa = PBXNativeTarget;
			buildConfigurationList = E1EA2B0C28CA21A700212AEF /* Build configuration list for PBXNativeTarget "Tic Tac ToeUITests" */;
			buildPhases = (
				E1EA2AF828CA21A700212AEF /* Sources */,
				E1EA2AF928CA21A700212AEF /* Frameworks */,
				E1EA2AFA28CA21A700212AEF /* Resources */,
			);
			buildRules = (
			);
			dependencies = (
				E1EA2AFE28CA21A700212AEF /* PBXTargetDependency */,
			);
			name = "Tic Tac ToeUITests";
			productName = "Tic Tac ToeUITests";
			productReference = E1EA2AFC28CA21A700212AEF /* Tic Tac ToeUITests.xctest */;
			productType = "com.apple.product-type.bundle.ui-testing";
		};
/* End PBXNativeTarget section */

/* Begin PBXProject section */
		E1EA2AD428CA21A600212AEF /* Project object */ = {
			isa = PBXProject;
			attributes = {
				BuildIndependentTargetsInParallel = 1;
				LastSwiftUpdateCheck = 1340;
				LastUpgradeCheck = 1340;
				TargetAttributes = {
					E1EA2ADB28CA21A600212AEF = {
						CreatedOnToolsVersion = 13.4.1;
					};
					E1EA2AF128CA21A700212AEF = {
						CreatedOnToolsVersion = 13.4.1;
						TestTargetID = E1EA2ADB28CA21A600212AEF;
					};
					E1EA2AFB28CA21A700212AEF = {
						CreatedOnToolsVersion = 13.4.1;
						TestTargetID = E1EA2ADB28CA21A600212AEF;
					};
				};
			};
			buildConfigurationList = E1EA2AD728CA21A600212AEF /* Build configuration list for PBXProject "Tic Tac Toe" */;
			compatibilityVersion = "Xcode 13.0";
			developmentRegion = en;
			hasScannedForEncodings = 0;
			knownRegions = (
				en,
				Base,
			);
			mainGroup = E1EA2AD328CA21A600212AEF;
			productRefGroup = E1EA2ADD28CA21A600212AEF /* Products */;
			projectDirPath = "";
			projectRoot = "";
			targets = (
				E1EA2ADB28CA21A600212AEF /* Tic Tac Toe */,
				E1EA2AF128CA21A700212AEF /* Tic Tac ToeTests */,
				E1EA2AFB28CA21A700212AEF /* Tic Tac ToeUITests */,
			);
		};
/* End PBXProject section */

/* Begin PBXResourcesBuildPhase section */
		E1EA2ADA28CA21A600212AEF /* Resources */ = {
			isa = PBXResourcesBuildPhase;
			buildActionMask = 2147483647;
			files = (
				E1EA2AEC28CA21A700212AEF /* LaunchScreen.storyboard in Resources */,
				E1EA2AE928CA21A700212AEF /* Assets.xcassets in Resources */,
				E1EA2AE728CA21A600212AEF /* Main.storyboard in Resources */,
			);
			runOnlyForDeploymentPostprocessing = 0;
		};
		E1EA2AF028CA21A700212AEF /* Resources */ = {
			isa = PBXResourcesBuildPhase;
			buildActionMask = 2147483647;
			files = (
			);
			runOnlyForDeploymentPostprocessing = 0;
		};
		E1EA2AFA28CA21A700212AEF /* Resources */ = {
			isa = PBXResourcesBuildPhase;
			buildActionMask = 2147483647;
			files = (
			);
			runOnlyForDeploymentPostprocessing = 0;
		};
/* End PBXResourcesBuildPhase section */

/* Begin PBXSourcesBuildPhase section */
		E1EA2AD828CA21A600212AEF /* Sources */ = {
			isa = PBXSourcesBuildPhase;
			buildActionMask = 2147483647;
			files = (
				E1EA2AE428CA21A600212AEF /* MainController.swift in Sources */,
				E16F77BE28D9C07E00A1D9A4 /* GameLogic.swift in Sources */,
				E1EA2AE028CA21A600212AEF /* AppDelegate.swift in Sources */,
				E1EA2AE228CA21A600212AEF /* SceneDelegate.swift in Sources */,
			);
			runOnlyForDeploymentPostprocessing = 0;
		};
		E1EA2AEE28CA21A700212AEF /* Sources */ = {
			isa = PBXSourcesBuildPhase;
			buildActionMask = 2147483647;
			files = (
				E1EA2AF728CA21A700212AEF /* Tic_Tac_ToeTests.swift in Sources */,
			);
			runOnlyForDeploymentPostprocessing = 0;
		};
		E1EA2AF828CA21A700212AEF /* Sources */ = {
			isa = PBXSourcesBuildPhase;
			buildActionMask = 2147483647;
			files = (
				E1EA2B0128CA21A700212AEF /* Tic_Tac_ToeUITests.swift in Sources */,
				E1EA2B0328CA21A700212AEF /* Tic_Tac_ToeUITestsLaunchTests.swift in Sources */,
			);
			runOnlyForDeploymentPostprocessing = 0;
		};
/* End PBXSourcesBuildPhase section */

/* Begin PBXTargetDependency section */
		E1EA2AF428CA21A700212AEF /* PBXTargetDependency */ = {
			isa = PBXTargetDependency;
			target = E1EA2ADB28CA21A600212AEF /* Tic Tac Toe */;
			targetProxy = E1EA2AF328CA21A700212AEF /* PBXContainerItemProxy */;
		};
		E1EA2AFE28CA21A700212AEF /* PBXTargetDependency */ = {
			isa = PBXTargetDependency;
			target = E1EA2ADB28CA21A600212AEF /* Tic Tac Toe */;
			targetProxy = E1EA2AFD28CA21A700212AEF /* PBXContainerItemProxy */;
		};
/* End PBXTargetDependency section */

/* Begin PBXVariantGroup section */
		E1EA2AE528CA21A600212AEF /* Main.storyboard */ = {
			isa = PBXVariantGroup;
			children = (
				E1EA2AE628CA21A600212AEF /* Base */,
			);
			name = Main.storyboard;
			sourceTree = "<group>";
		};
		E1EA2AEA28CA21A700212AEF /* LaunchScreen.storyboard */ = {
			isa = PBXVariantGroup;
			children = (
				E1EA2AEB28CA21A700212AEF /* Base */,
			);
			name = LaunchScreen.storyboard;
			sourceTree = "<group>";
		};
/* End PBXVariantGroup section */

/* Begin XCBuildConfiguration section */
		E1EA2B0428CA21A700212AEF /* Debug */ = {
			isa = XCBuildConfiguration;
			buildSettings = {
				ALWAYS_SEARCH_USER_PATHS = NO;
				CLANG_ANALYZER_NONNULL = YES;
				CLANG_ANALYZER_NUMBER_OBJECT_CONVERSION = YES_AGGRESSIVE;
				CLANG_CXX_LANGUAGE_STANDARD = "gnu++17";
				CLANG_ENABLE_MODULES = YES;
				CLANG_ENABLE_OBJC_ARC = YES;
				CLANG_ENABLE_OBJC_WEAK = YES;
				CLANG_WARN_BLOCK_CAPTURE_AUTORELEASING = YES;
				CLANG_WARN_BOOL_CONVERSION = YES;
				CLANG_WARN_COMMA = YES;
				CLANG_WARN_CONSTANT_CONVERSION = YES;
				CLANG_WARN_DEPRECATED_OBJC_IMPLEMENTATIONS = YES;
				CLANG_WARN_DIRECT_OBJC_ISA_USAGE = YES_ERROR;
				CLANG_WARN_DOCUMENTATION_COMMENTS = YES;
				CLANG_WARN_EMPTY_BODY = YES;
				CLANG_WARN_ENUM_CONVERSION = YES;
				CLANG_WARN_INFINITE_RECURSION = YES;
				CLANG_WARN_INT_CONVERSION = YES;
				CLANG_WARN_NON_LITERAL_NULL_CONVERSION = YES;
				CLANG_WARN_OBJC_IMPLICIT_RETAIN_SELF = YES;
				CLANG_WARN_OBJC_LITERAL_CONVERSION = YES;
				CLANG_WARN_OBJC_ROOT_CLASS = YES_ERROR;
				CLANG_WARN_QUOTED_INCLUDE_IN_FRAMEWORK_HEADER = YES;
				CLANG_WARN_RANGE_LOOP_ANALYSIS = YES;
				CLANG_WARN_STRICT_PROTOTYPES = YES;
				CLANG_WARN_SUSPICIOUS_MOVE = YES;
				CLANG_WARN_UNGUARDED_AVAILABILITY = YES_AGGRESSIVE;
				CLANG_WARN_UNREACHABLE_CODE = YES;
				CLANG_WARN__DUPLICATE_METHOD_MATCH = YES;
				COPY_PHASE_STRIP = NO;
				DEBUG_INFORMATION_FORMAT = dwarf;
				ENABLE_STRICT_OBJC_MSGSEND = YES;
				ENABLE_TESTABILITY = YES;
				GCC_C_LANGUAGE_STANDARD = gnu11;
				GCC_DYNAMIC_NO_PIC = NO;
				GCC_NO_COMMON_BLOCKS = YES;
				GCC_OPTIMIZATION_LEVEL = 0;
				GCC_PREPROCESSOR_DEFINITIONS = (
					"DEBUG=1",
					"$(inherited)",
				);
				GCC_WARN_64_TO_32_BIT_CONVERSION = YES;
				GCC_WARN_ABOUT_RETURN_TYPE = YES_ERROR;
				GCC_WARN_UNDECLARED_SELECTOR = YES;
				GCC_WARN_UNINITIALIZED_AUTOS = YES_AGGRESSIVE;
				GCC_WARN_UNUSED_FUNCTION = YES;
				GCC_WARN_UNUSED_VARIABLE = YES;
				IPHONEOS_DEPLOYMENT_TARGET = 15.5;
				MTL_ENABLE_DEBUG_INFO = INCLUDE_SOURCE;
				MTL_FAST_MATH = YES;
				ONLY_ACTIVE_ARCH = YES;
				SDKROOT = iphoneos;
				SWIFT_ACTIVE_COMPILATION_CONDITIONS = DEBUG;
				SWIFT_OPTIMIZATION_LEVEL = "-Onone";
			};
			name = Debug;
		};
		E1EA2B0528CA21A700212AEF /* Release */ = {
			isa = XCBuildConfiguration;
			buildSettings = {
				ALWAYS_SEARCH_USER_PATHS = NO;
				CLANG_ANALYZER_NONNULL = YES;
				CLANG_ANALYZER_NUMBER_OBJECT_CONVERSION = YES_AGGRESSIVE;
				CLANG_CXX_LANGUAGE_STANDARD = "gnu++17";
				CLANG_ENABLE_MODULES = YES;
				CLANG_ENABLE_OBJC_ARC = YES;
				CLANG_ENABLE_OBJC_WEAK = YES;
				CLANG_WARN_BLOCK_CAPTURE_AUTORELEASING = YES;
				CLANG_WARN_BOOL_CONVERSION = YES;
				CLANG_WARN_COMMA = YES;
				CLANG_WARN_CONSTANT_CONVERSION = YES;
				CLANG_WARN_DEPRECATED_OBJC_IMPLEMENTATIONS = YES;
				CLANG_WARN_DIRECT_OBJC_ISA_USAGE = YES_ERROR;
				CLANG_WARN_DOCUMENTATION_COMMENTS = YES;
				CLANG_WARN_EMPTY_BODY = YES;
				CLANG_WARN_ENUM_CONVERSION = YES;
				CLANG_WARN_INFINITE_RECURSION = YES;
				CLANG_WARN_INT_CONVERSION = YES;
				CLANG_WARN_NON_LITERAL_NULL_CONVERSION = YES;
				CLANG_WARN_OBJC_IMPLICIT_RETAIN_SELF = YES;
				CLANG_WARN_OBJC_LITERAL_CONVERSION = YES;
				CLANG_WARN_OBJC_ROOT_CLASS = YES_ERROR;
				CLANG_WARN_QUOTED_INCLUDE_IN_FRAMEWORK_HEADER = YES;
				CLANG_WARN_RANGE_LOOP_ANALYSIS = YES;
				CLANG_WARN_STRICT_PROTOTYPES = YES;
				CLANG_WARN_SUSPICIOUS_MOVE = YES;
				CLANG_WARN_UNGUARDED_AVAILABILITY = YES_AGGRESSIVE;
				CLANG_WARN_UNREACHABLE_CODE = YES;
				CLANG_WARN__DUPLICATE_METHOD_MATCH = YES;
				COPY_PHASE_STRIP = NO;
				DEBUG_INFORMATION_FORMAT = "dwarf-with-dsym";
				ENABLE_NS_ASSERTIONS = NO;
				ENABLE_STRICT_OBJC_MSGSEND = YES;
				GCC_C_LANGUAGE_STANDARD = gnu11;
				GCC_NO_COMMON_BLOCKS = YES;
				GCC_WARN_64_TO_32_BIT_CONVERSION = YES;
				GCC_WARN_ABOUT_RETURN_TYPE = YES_ERROR;
				GCC_WARN_UNDECLARED_SELECTOR = YES;
				GCC_WARN_UNINITIALIZED_AUTOS = YES_AGGRESSIVE;
				GCC_WARN_UNUSED_FUNCTION = YES;
				GCC_WARN_UNUSED_VARIABLE = YES;
				IPHONEOS_DEPLOYMENT_TARGET = 15.5;
				MTL_ENABLE_DEBUG_INFO = NO;
				MTL_FAST_MATH = YES;
				SDKROOT = iphoneos;
				SWIFT_COMPILATION_MODE = wholemodule;
				SWIFT_OPTIMIZATION_LEVEL = "-O";
				VALIDATE_PRODUCT = YES;
			};
			name = Release;
		};
		E1EA2B0728CA21A700212AEF /* Debug */ = {
			isa = XCBuildConfiguration;
			buildSettings = {
				ASSETCATALOG_COMPILER_APPICON_NAME = AppIcon;
				ASSETCATALOG_COMPILER_GLOBAL_ACCENT_COLOR_NAME = AccentColor;
				CODE_SIGN_STYLE = Automatic;
				CURRENT_PROJECT_VERSION = 1;
				GENERATE_INFOPLIST_FILE = YES;
				INFOPLIST_FILE = "Tic Tac Toe/Info.plist";
				INFOPLIST_KEY_UIApplicationSupportsIndirectInputEvents = YES;
				INFOPLIST_KEY_UILaunchStoryboardName = LaunchScreen;
				INFOPLIST_KEY_UIMainStoryboardFile = Main;
				INFOPLIST_KEY_UISupportedInterfaceOrientations_iPad = "UIInterfaceOrientationPortrait UIInterfaceOrientationPortraitUpsideDown UIInterfaceOrientationLandscapeLeft UIInterfaceOrientationLandscapeRight";
				INFOPLIST_KEY_UISupportedInterfaceOrientations_iPhone = "UIInterfaceOrientationPortrait UIInterfaceOrientationLandscapeLeft UIInterfaceOrientationLandscapeRight";
				LD_RUNPATH_SEARCH_PATHS = (
					"$(inherited)",
					"@executable_path/Frameworks",
				);
				MARKETING_VERSION = 1.0;
				PRODUCT_BUNDLE_IDENTIFIER = "com.ploojompong.Tic-Tac-Toe";
				PRODUCT_NAME = "$(TARGET_NAME)";
				SWIFT_EMIT_LOC_STRINGS = YES;
				SWIFT_VERSION = 5.0;
				TARGETED_DEVICE_FAMILY = "1,2";
			};
			name = Debug;
		};
		E1EA2B0828CA21A700212AEF /* Release */ = {
			isa = XCBuildConfiguration;
			buildSettings = {
				ASSETCATALOG_COMPILER_APPICON_NAME = AppIcon;
				ASSETCATALOG_COMPILER_GLOBAL_ACCENT_COLOR_NAME = AccentColor;
				CODE_SIGN_STYLE = Automatic;
				CURRENT_PROJECT_VERSION = 1;
				GENERATE_INFOPLIST_FILE = YES;
				INFOPLIST_FILE = "Tic Tac Toe/Info.plist";
				INFOPLIST_KEY_UIApplicationSupportsIndirectInputEvents = YES;
				INFOPLIST_KEY_UILaunchStoryboardName = LaunchScreen;
				INFOPLIST_KEY_UIMainStoryboardFile = Main;
				INFOPLIST_KEY_UISupportedInterfaceOrientations_iPad = "UIInterfaceOrientationPortrait UIInterfaceOrientationPortraitUpsideDown UIInterfaceOrientationLandscapeLeft UIInterfaceOrientationLandscapeRight";
				INFOPLIST_KEY_UISupportedInterfaceOrientations_iPhone = "UIInterfaceOrientationPortrait UIInterfaceOrientationLandscapeLeft UIInterfaceOrientationLandscapeRight";
				LD_RUNPATH_SEARCH_PATHS = (
					"$(inherited)",
					"@executable_path/Frameworks",
				);
				MARKETING_VERSION = 1.0;
				PRODUCT_BUNDLE_IDENTIFIER = "com.ploojompong.Tic-Tac-Toe";
				PRODUCT_NAME = "$(TARGET_NAME)";
				SWIFT_EMIT_LOC_STRINGS = YES;
				SWIFT_VERSION = 5.0;
				TARGETED_DEVICE_FAMILY = "1,2";
			};
			name = Release;
		};
		E1EA2B0A28CA21A700212AEF /* Debug */ = {
			isa = XCBuildConfiguration;
			buildSettings = {
				ALWAYS_EMBED_SWIFT_STANDARD_LIBRARIES = YES;
				BUNDLE_LOADER = "$(TEST_HOST)";
				CODE_SIGN_STYLE = Automatic;
				CURRENT_PROJECT_VERSION = 1;
				GENERATE_INFOPLIST_FILE = YES;
				IPHONEOS_DEPLOYMENT_TARGET = 15.5;
				MARKETING_VERSION = 1.0;
				PRODUCT_BUNDLE_IDENTIFIER = "com.ploojompong.Tic-Tac-ToeTests";
				PRODUCT_NAME = "$(TARGET_NAME)";
				SWIFT_EMIT_LOC_STRINGS = NO;
				SWIFT_VERSION = 5.0;
				TARGETED_DEVICE_FAMILY = "1,2";
				TEST_HOST = "$(BUILT_PRODUCTS_DIR)/Tic Tac Toe.app/Tic Tac Toe";
			};
			name = Debug;
		};
		E1EA2B0B28CA21A700212AEF /* Release */ = {
			isa = XCBuildConfiguration;
			buildSettings = {
				ALWAYS_EMBED_SWIFT_STANDARD_LIBRARIES = YES;
				BUNDLE_LOADER = "$(TEST_HOST)";
				CODE_SIGN_STYLE = Automatic;
				CURRENT_PROJECT_VERSION = 1;
				GENERATE_INFOPLIST_FILE = YES;
				IPHONEOS_DEPLOYMENT_TARGET = 15.5;
				MARKETING_VERSION = 1.0;
				PRODUCT_BUNDLE_IDENTIFIER = "com.ploojompong.Tic-Tac-ToeTests";
				PRODUCT_NAME = "$(TARGET_NAME)";
				SWIFT_EMIT_LOC_STRINGS = NO;
				SWIFT_VERSION = 5.0;
				TARGETED_DEVICE_FAMILY = "1,2";
				TEST_HOST = "$(BUILT_PRODUCTS_DIR)/Tic Tac Toe.app/Tic Tac Toe";
			};
			name = Release;
		};
		E1EA2B0D28CA21A700212AEF /* Debug */ = {
			isa = XCBuildConfiguration;
			buildSettings = {
				ALWAYS_EMBED_SWIFT_STANDARD_LIBRARIES = YES;
				CODE_SIGN_STYLE = Automatic;
				CURRENT_PROJECT_VERSION = 1;
				GENERATE_INFOPLIST_FILE = YES;
				MARKETING_VERSION = 1.0;
				PRODUCT_BUNDLE_IDENTIFIER = "com.ploojompong.Tic-Tac-ToeUITests";
				PRODUCT_NAME = "$(TARGET_NAME)";
				SWIFT_EMIT_LOC_STRINGS = NO;
				SWIFT_VERSION = 5.0;
				TARGETED_DEVICE_FAMILY = "1,2";
				TEST_TARGET_NAME = "Tic Tac Toe";
			};
			name = Debug;
		};
		E1EA2B0E28CA21A700212AEF /* Release */ = {
			isa = XCBuildConfiguration;
			buildSettings = {
				ALWAYS_EMBED_SWIFT_STANDARD_LIBRARIES = YES;
				CODE_SIGN_STYLE = Automatic;
				CURRENT_PROJECT_VERSION = 1;
				GENERATE_INFOPLIST_FILE = YES;
				MARKETING_VERSION = 1.0;
				PRODUCT_BUNDLE_IDENTIFIER = "com.ploojompong.Tic-Tac-ToeUITests";
				PRODUCT_NAME = "$(TARGET_NAME)";
				SWIFT_EMIT_LOC_STRINGS = NO;
				SWIFT_VERSION = 5.0;
				TARGETED_DEVICE_FAMILY = "1,2";
				TEST_TARGET_NAME = "Tic Tac Toe";
			};
			name = Release;
		};
/* End XCBuildConfiguration section */

/* Begin XCConfigurationList section */
		E1EA2AD728CA21A600212AEF /* Build configuration list for PBXProject "Tic Tac Toe" */ = {
			isa = XCConfigurationList;
			buildConfigurations = (
				E1EA2B0428CA21A700212AEF /* Debug */,
				E1EA2B0528CA21A700212AEF /* Release */,
			);
			defaultConfigurationIsVisible = 0;
			defaultConfigurationName = Release;
		};
		E1EA2B0628CA21A700212AEF /* Build configuration list for PBXNativeTarget "Tic Tac Toe" */ = {
			isa = XCConfigurationList;
			buildConfigurations = (
				E1EA2B0728CA21A700212AEF /* Debug */,
				E1EA2B0828CA21A700212AEF /* Release */,
			);
			defaultConfigurationIsVisible = 0;
			defaultConfigurationName = Release;
		};
		E1EA2B0928CA21A700212AEF /* Build configuration list for PBXNativeTarget "Tic Tac ToeTests" */ = {
			isa = XCConfigurationList;
			buildConfigurations = (
				E1EA2B0A28CA21A700212AEF /* Debug */,
				E1EA2B0B28CA21A700212AEF /* Release */,
			);
			defaultConfigurationIsVisible = 0;
			defaultConfigurationName = Release;
		};
		E1EA2B0C28CA21A700212AEF /* Build configuration list for PBXNativeTarget "Tic Tac ToeUITests" */ = {
			isa = XCConfigurationList;
			buildConfigurations = (
				E1EA2B0D28CA21A700212AEF /* Debug */,
				E1EA2B0E28CA21A700212AEF /* Release */,
			);
			defaultConfigurationIsVisible = 0;
			defaultConfigurationName = Release;
		};
/* End XCConfigurationList section */
	};
	rootObject = E1EA2AD428CA21A600212AEF /* Project object */;
}
